
Microsoft Visual Studio Solution File, Format Version 12.00
# Visual Studio 15
VisualStudioVersion = 15.0.27130.2010
MinimumVisualStudioVersion = 10.0.40219.1
Project("{2150E333-8FDC-42A3-9474-1A3956D46DE8}") = "Engine", "Engine", "{29DC4429-C836-4DC9-A745-0B7C6895D2C0}"
EndProject
Project("{2150E333-8FDC-42A3-9474-1A3956D46DE8}") = "Games", "Games", "{E2D61E9F-F0C8-40E6-96CA-C28C58376CC1}"
EndProject
Project("{8BC9CEB8-8B4A-11D0-8D11-00A0C91BC942}") = "UE4", "Intermediate\ProjectFiles\UE4.vcxproj", "{E779E334-CC7D-4318-9DFE-BA6A7E4B8C27}"
EndProject
Project("{8BC9CEB8-8B4A-11D0-8D11-00A0C91BC942}") = "BuildingEscape", "Intermediate\ProjectFiles\BuildingEscape.vcxproj", "{F105A60B-64D6-4DE8-8234-58F37ECA7859}"
EndProject
Global
	GlobalSection(SolutionConfigurationPlatforms) = preSolution
		DebugGame Editor|HTML5 = DebugGame Editor|HTML5
		DebugGame Editor|Win32 = DebugGame Editor|Win32
		DebugGame Editor|Win64 = DebugGame Editor|Win64
		DebugGame|HTML5 = DebugGame|HTML5
		DebugGame|Win32 = DebugGame|Win32
		DebugGame|Win64 = DebugGame|Win64
		Development Editor|HTML5 = Development Editor|HTML5
		Development Editor|Win32 = Development Editor|Win32
		Development Editor|Win64 = Development Editor|Win64
		Development|HTML5 = Development|HTML5
		Development|Win32 = Development|Win32
		Development|Win64 = Development|Win64
		Shipping|HTML5 = Shipping|HTML5
		Shipping|Win32 = Shipping|Win32
		Shipping|Win64 = Shipping|Win64
	EndGlobalSection
	GlobalSection(ProjectConfigurationPlatforms) = postSolution
		{E779E334-CC7D-4318-9DFE-BA6A7E4B8C27}.DebugGame Editor|HTML5.ActiveCfg = BuiltWithUnrealBuildTool|Win32
		{E779E334-CC7D-4318-9DFE-BA6A7E4B8C27}.DebugGame Editor|HTML5.Build.0 = BuiltWithUnrealBuildTool|Win32
		{E779E334-CC7D-4318-9DFE-BA6A7E4B8C27}.DebugGame Editor|Win32.ActiveCfg = BuiltWithUnrealBuildTool|Win32
		{E779E334-CC7D-4318-9DFE-BA6A7E4B8C27}.DebugGame Editor|Win32.Build.0 = BuiltWithUnrealBuildTool|Win32
		{E779E334-CC7D-4318-9DFE-BA6A7E4B8C27}.DebugGame Editor|Win64.ActiveCfg = BuiltWithUnrealBuildTool|Win32
		{E779E334-CC7D-4318-9DFE-BA6A7E4B8C27}.DebugGame Editor|Win64.Build.0 = BuiltWithUnrealBuildTool|Win32
		{E779E334-CC7D-4318-9DFE-BA6A7E4B8C27}.DebugGame|HTML5.ActiveCfg = BuiltWithUnrealBuildTool|Win32
		{E779E334-CC7D-4318-9DFE-BA6A7E4B8C27}.DebugGame|HTML5.Build.0 = BuiltWithUnrealBuildTool|Win32
		{E779E334-CC7D-4318-9DFE-BA6A7E4B8C27}.DebugGame|Win32.ActiveCfg = BuiltWithUnrealBuildTool|Win32
		{E779E334-CC7D-4318-9DFE-BA6A7E4B8C27}.DebugGame|Win32.Build.0 = BuiltWithUnrealBuildTool|Win32
		{E779E334-CC7D-4318-9DFE-BA6A7E4B8C27}.DebugGame|Win64.ActiveCfg = BuiltWithUnrealBuildTool|Win32
		{E779E334-CC7D-4318-9DFE-BA6A7E4B8C27}.DebugGame|Win64.Build.0 = BuiltWithUnrealBuildTool|Win32
		{E779E334-CC7D-4318-9DFE-BA6A7E4B8C27}.Development Editor|HTML5.ActiveCfg = BuiltWithUnrealBuildTool|Win32
		{E779E334-CC7D-4318-9DFE-BA6A7E4B8C27}.Development Editor|HTML5.Build.0 = BuiltWithUnrealBuildTool|Win32
		{E779E334-CC7D-4318-9DFE-BA6A7E4B8C27}.Development Editor|Win32.ActiveCfg = BuiltWithUnrealBuildTool|Win32
		{E779E334-CC7D-4318-9DFE-BA6A7E4B8C27}.Development Editor|Win32.Build.0 = BuiltWithUnrealBuildTool|Win32
		{E779E334-CC7D-4318-9DFE-BA6A7E4B8C27}.Development Editor|Win64.ActiveCfg = BuiltWithUnrealBuildTool|Win32
		{E779E334-CC7D-4318-9DFE-BA6A7E4B8C27}.Development Editor|Win64.Build.0 = BuiltWithUnrealBuildTool|Win32
		{E779E334-CC7D-4318-9DFE-BA6A7E4B8C27}.Development|HTML5.ActiveCfg = BuiltWithUnrealBuildTool|Win32
		{E779E334-CC7D-4318-9DFE-BA6A7E4B8C27}.Development|HTML5.Build.0 = BuiltWithUnrealBuildTool|Win32
		{E779E334-CC7D-4318-9DFE-BA6A7E4B8C27}.Development|Win32.ActiveCfg = BuiltWithUnrealBuildTool|Win32
		{E779E334-CC7D-4318-9DFE-BA6A7E4B8C27}.Development|Win32.Build.0 = BuiltWithUnrealBuildTool|Win32
		{E779E334-CC7D-4318-9DFE-BA6A7E4B8C27}.Development|Win64.ActiveCfg = BuiltWithUnrealBuildTool|Win32
		{E779E334-CC7D-4318-9DFE-BA6A7E4B8C27}.Development|Win64.Build.0 = BuiltWithUnrealBuildTool|Win32
		{E779E334-CC7D-4318-9DFE-BA6A7E4B8C27}.Shipping|HTML5.ActiveCfg = BuiltWithUnrealBuildTool|Win32
		{E779E334-CC7D-4318-9DFE-BA6A7E4B8C27}.Shipping|HTML5.Build.0 = BuiltWithUnrealBuildTool|Win32
		{E779E334-CC7D-4318-9DFE-BA6A7E4B8C27}.Shipping|Win32.ActiveCfg = BuiltWithUnrealBuildTool|Win32
		{E779E334-CC7D-4318-9DFE-BA6A7E4B8C27}.Shipping|Win32.Build.0 = BuiltWithUnrealBuildTool|Win32
		{E779E334-CC7D-4318-9DFE-BA6A7E4B8C27}.Shipping|Win64.ActiveCfg = BuiltWithUnrealBuildTool|Win32
		{E779E334-CC7D-4318-9DFE-BA6A7E4B8C27}.Shipping|Win64.Build.0 = BuiltWithUnrealBuildTool|Win32
		{F105A60B-64D6-4DE8-8234-58F37ECA7859}.DebugGame Editor|HTML5.ActiveCfg = HTML5_DebugGame_Editor|Win32
		{F105A60B-64D6-4DE8-8234-58F37ECA7859}.DebugGame Editor|Win32.ActiveCfg = DebugGame_Editor|Win32
		{F105A60B-64D6-4DE8-8234-58F37ECA7859}.DebugGame Editor|Win64.ActiveCfg = DebugGame_Editor|x64
		{F105A60B-64D6-4DE8-8234-58F37ECA7859}.DebugGame Editor|Win64.Build.0 = DebugGame_Editor|x64
		{F105A60B-64D6-4DE8-8234-58F37ECA7859}.DebugGame|HTML5.ActiveCfg = HTML5_DebugGame_Game|Win32
		{F105A60B-64D6-4DE8-8234-58F37ECA7859}.DebugGame|HTML5.Build.0 = HTML5_DebugGame_Game|Win32
		{F105A60B-64D6-4DE8-8234-58F37ECA7859}.DebugGame|Win32.ActiveCfg = DebugGame_Game|Win32
		{F105A60B-64D6-4DE8-8234-58F37ECA7859}.DebugGame|Win32.Build.0 = DebugGame_Game|Win32
		{F105A60B-64D6-4DE8-8234-58F37ECA7859}.DebugGame|Win64.ActiveCfg = DebugGame_Game|x64
		{F105A60B-64D6-4DE8-8234-58F37ECA7859}.DebugGame|Win64.Build.0 = DebugGame_Game|x64
		{F105A60B-64D6-4DE8-8234-58F37ECA7859}.Development Editor|HTML5.ActiveCfg = HTML5_Development_Editor|Win32
		{F105A60B-64D6-4DE8-8234-58F37ECA7859}.Development Editor|Win32.ActiveCfg = Development_Editor|Win32
		{F105A60B-64D6-4DE8-8234-58F37ECA7859}.Development Editor|Win64.ActiveCfg = Development_Editor|x64
		{F105A60B-64D6-4DE8-8234-58F37ECA7859}.Development Editor|Win64.Build.0 = Development_Editor|x64
		{F105A60B-64D6-4DE8-8234-58F37ECA7859}.Development|HTML5.ActiveCfg = HTML5_Development_Game|Win32
		{F105A60B-64D6-4DE8-8234-58F37ECA7859}.Development|HTML5.Build.0 = HTML5_Development_Game|Win32
		{F105A60B-64D6-4DE8-8234-58F37ECA7859}.Development|Win32.ActiveCfg = Development_Game|Win32
		{F105A60B-64D6-4DE8-8234-58F37ECA7859}.Development|Win32.Build.0 = Development_Game|Win32
		{F105A60B-64D6-4DE8-8234-58F37ECA7859}.Development|Win64.ActiveCfg = Development_Game|x64
		{F105A60B-64D6-4DE8-8234-58F37ECA7859}.Development|Win64.Build.0 = Development_Game|x64
		{F105A60B-64D6-4DE8-8234-58F37ECA7859}.Shipping|HTML5.ActiveCfg = HTML5_Shipping_Game|Win32
		{F105A60B-64D6-4DE8-8234-58F37ECA7859}.Shipping|HTML5.Build.0 = HTML5_Shipping_Game|Win32
		{F105A60B-64D6-4DE8-8234-58F37ECA7859}.Shipping|Win32.ActiveCfg = Shipping_Game|Win32
		{F105A60B-64D6-4DE8-8234-58F37ECA7859}.Shipping|Win32.Build.0 = Shipping_Game|Win32
		{F105A60B-64D6-4DE8-8234-58F37ECA7859}.Shipping|Win64.ActiveCfg = Shipping_Game|x64
		{F105A60B-64D6-4DE8-8234-58F37ECA7859}.Shipping|Win64.Build.0 = Shipping_Game|x64
	EndGlobalSection
	GlobalSection(SolutionProperties) = preSolution
		HideSolutionNode = FALSE
	EndGlobalSection
	GlobalSection(NestedProjects) = preSolution
		{E779E334-CC7D-4318-9DFE-BA6A7E4B8C27} = {29DC4429-C836-4DC9-A745-0B7C6895D2C0}
		{F105A60B-64D6-4DE8-8234-58F37ECA7859} = {E2D61E9F-F0C8-40E6-96CA-C28C58376CC1}
	EndGlobalSection
	GlobalSection(ExtensibilityGlobals) = postSolution
		SolutionGuid = {C503A227-7328-4684-9F54-407200A9A31A}
	EndGlobalSection
EndGlobal
